
Microsoft Visual Studio Solution File, Format Version 12.00
# Visual Studio Version 17
VisualStudioVersion = 17.6.33829.357
MinimumVisualStudioVersion = 10.0.40219.1
Project("{888888A0-9F3D-457C-B088-3A5042F75D52}") = "Shipping-Calculator", "Shipping-Calculator.pyproj", "{2AF35F92-7258-436F-B0EC-C1CA9EF8417A}"
EndProject
Global
	GlobalSection(SolutionConfigurationPlatforms) = preSolution
		Debug|Any CPU = Debug|Any CPU
		Release|Any CPU = Release|Any CPU
	EndGlobalSection
	GlobalSection(ProjectConfigurationPlatforms) = postSolution
		{2AF35F92-7258-436F-B0EC-C1CA9EF8417A}.Debug|Any CPU.ActiveCfg = Debug|Any CPU
		{2AF35F92-7258-436F-B0EC-C1CA9EF8417A}.Release|Any CPU.ActiveCfg = Release|Any CPU
	EndGlobalSection
	GlobalSection(SolutionProperties) = preSolution
		HideSolutionNode = FALSE
	EndGlobalSection
	GlobalSection(ExtensibilityGlobals) = postSolution
		SolutionGuid = {CBEA5EB8-A0C0-4B19-81B0-A3598B1DD9BD}
	EndGlobalSection
EndGlobal
